// !$*UTF8*$!
{
	archiveVersion = 1;
	classes = {
	};
	objectVersion = 77;
	objects = {

/* Begin PBXBuildFile section */
		8C44773996ACAD13B7E9147A /* Pods_LinkoTests.framework in Frameworks */ = {isa = PBXBuildFile; fileRef = DA1D200B678457944E632188 /* Pods_LinkoTests.framework */; };
		8EEE7F927A92BB0017994177 /* Pods_Linko.framework in Frameworks */ = {isa = PBXBuildFile; fileRef = 8246BD5A5898AFE00B7B024E /* Pods_Linko.framework */; };
		A0D46C162F259D9B4A87F289 /* Pods_Linko_LinkoUITests.framework in Frameworks */ = {isa = PBXBuildFile; fileRef = 07577D152169DA2B0D63E06B /* Pods_Linko_LinkoUITests.framework */; };
/* End PBXBuildFile section */

/* Begin PBXContainerItemProxy section */
		BB210637301BD8A000F323F8 /* PBXContainerItemProxy */ = {
			isa = PBXContainerItemProxy;
			containerPortal = BB210618301BD89D00F323F8 /* Project object */;
			proxyType = 1;
			remoteGlobalIDString = BB21061F301BD89D00F323F8;
			remoteInfo = Linko;
		};
		BB210641301BD8A000F323F8 /* PBXContainerItemProxy */ = {
			isa = PBXContainerItemProxy;
			containerPortal = BB210618301BD89D00F323F8 /* Project object */;
			proxyType = 1;
			remoteGlobalIDString = BB21061F301BD89D00F323F8;
			remoteInfo = Linko;
		};
/* End PBXContainerItemProxy section */

/* Begin PBXFileReference section */
		07577D152169DA2B0D63E06B /* Pods_Linko_LinkoUITests.framework */ = {isa = PBXFileReference; explicitFileType = wrapper.framework; includeInIndex = 0; path = Pods_Linko_LinkoUITests.framework; sourceTree = BUILT_PRODUCTS_DIR; };
		3404282DED435BCD6E2B0401 /* Pods-Linko-LinkoUITests.release.xcconfig */ = {isa = PBXFileReference; includeInIndex = 1; lastKnownFileType = text.xcconfig; name = "Pods-Linko-LinkoUITests.release.xcconfig"; path = "Target Support Files/Pods-Linko-LinkoUITests/Pods-Linko-LinkoUITests.release.xcconfig"; sourceTree = "<group>"; };
		37EF78F52A13A8E3AE06FB06 /* Pods-Linko.release.xcconfig */ = {isa = PBXFileReference; includeInIndex = 1; lastKnownFileType = text.xcconfig; name = "Pods-Linko.release.xcconfig"; path = "Target Support Files/Pods-Linko/Pods-Linko.release.xcconfig"; sourceTree = "<group>"; };
		40100D86A7CE2212B12D8BCC /* Pods-LinkoTests.debug.xcconfig */ = {isa = PBXFileReference; includeInIndex = 1; lastKnownFileType = text.xcconfig; name = "Pods-LinkoTests.debug.xcconfig"; path = "Target Support Files/Pods-LinkoTests/Pods-LinkoTests.debug.xcconfig"; sourceTree = "<group>"; };
		4EBD6F796457216D8F738345 /* Pods-Linko-LinkoUITests.debug.xcconfig */ = {isa = PBXFileReference; includeInIndex = 1; lastKnownFileType = text.xcconfig; name = "Pods-Linko-LinkoUITests.debug.xcconfig"; path = "Target Support Files/Pods-Linko-LinkoUITests/Pods-Linko-LinkoUITests.debug.xcconfig"; sourceTree = "<group>"; };
		68B14F17CA01E672004BE7D4 /* Pods-Linko.debug.xcconfig */ = {isa = PBXFileReference; includeInIndex = 1; lastKnownFileType = text.xcconfig; name = "Pods-Linko.debug.xcconfig"; path = "Target Support Files/Pods-Linko/Pods-Linko.debug.xcconfig"; sourceTree = "<group>"; };
		8246BD5A5898AFE00B7B024E /* Pods_Linko.framework */ = {isa = PBXFileReference; explicitFileType = wrapper.framework; includeInIndex = 0; path = Pods_Linko.framework; sourceTree = BUILT_PRODUCTS_DIR; };
		BB210620301BD89D00F323F8 /* Linko.app */ = {isa = PBXFileReference; explicitFileType = wrapper.application; includeInIndex = 0; path = Linko.app; sourceTree = BUILT_PRODUCTS_DIR; };
		BB210636301BD8A000F323F8 /* LinkoTests.xctest */ = {isa = PBXFileReference; explicitFileType = wrapper.cfbundle; includeInIndex = 0; path = LinkoTests.xctest; sourceTree = BUILT_PRODUCTS_DIR; };
		BB210640301BD8A000F323F8 /* LinkoUITests.xctest */ = {isa = PBXFileReference; explicitFileType = wrapper.cfbundle; includeInIndex = 0; path = LinkoUITests.xctest; sourceTree = BUILT_PRODUCTS_DIR; };
		DA1D200B678457944E632188 /* Pods_LinkoTests.framework */ = {isa = PBXFileReference; explicitFileType = wrapper.framework; includeInIndex = 0; path = Pods_LinkoTests.framework; sourceTree = BUILT_PRODUCTS_DIR; };
		E34460E11611C581DDF9BCE3 /* Pods-LinkoTests.release.xcconfig */ = {isa = PBXFileReference; includeInIndex = 1; lastKnownFileType = text.xcconfig; name = "Pods-LinkoTests.release.xcconfig"; path = "Target Support Files/Pods-LinkoTests/Pods-LinkoTests.release.xcconfig"; sourceTree = "<group>"; };
/* End PBXFileReference section */

/* Begin PBXFileSystemSynchronizedBuildFileExceptionSet section */
		BB210648301BD8A000F323F8 /* Exceptions for "Linko" folder in "Linko" target */ = {
			isa = PBXFileSystemSynchronizedBuildFileExceptionSet;
			membershipExceptions = (
				Info.plist,
			);
			target = BB21061F301BD89D00F323F8 /* Linko */;
		};
/* End PBXFileSystemSynchronizedBuildFileExceptionSet section */

/* Begin PBXFileSystemSynchronizedRootGroup section */
		BB210622301BD89D00F323F8 /* Linko */ = {
			isa = PBXFileSystemSynchronizedRootGroup;
			exceptions = (
				BB210648301BD8A000F323F8 /* Exceptions for "Linko" folder in "Linko" target */,
			);
			path = Linko;
			sourceTree = "<group>";
		};
		BB210639301BD8A000F323F8 /* LinkoTests */ = {
			isa = PBXFileSystemSynchronizedRootGroup;
			exceptions = (
			);
			path = LinkoTests;
			sourceTree = "<group>";
		};
		BB210643301BD8A000F323F8 /* LinkoUITests */ = {
			isa = PBXFileSystemSynchronizedRootGroup;
			exceptions = (
			);
			path = LinkoUITests;
			sourceTree = "<group>";
		};
/* End PBXFileSystemSynchronizedRootGroup section */

/* Begin PBXFrameworksBuildPhase section */
		BB21061D301BD89D00F323F8 /* Frameworks */ = {
			isa = PBXFrameworksBuildPhase;
			buildActionMask = 2147483647;
			files = (
				8EEE7F927A92BB0017994177 /* Pods_Linko.framework in Frameworks */,
			);
			runOnlyForDeploymentPostprocessing = 0;
		};
		BB210633301BD8A000F323F8 /* Frameworks */ = {
			isa = PBXFrameworksBuildPhase;
			buildActionMask = 2147483647;
			files = (
				8C44773996ACAD13B7E9147A /* Pods_LinkoTests.framework in Frameworks */,
			);
			runOnlyForDeploymentPostprocessing = 0;
		};
		BB21063D301BD8A000F323F8 /* Frameworks */ = {
			isa = PBXFrameworksBuildPhase;
			buildActionMask = 2147483647;
			files = (
				A0D46C162F259D9B4A87F289 /* Pods_Linko_LinkoUITests.framework in Frameworks */,
			);
			runOnlyForDeploymentPostprocessing = 0;
		};
/* End PBXFrameworksBuildPhase section */

/* Begin PBXGroup section */
		1954A9C229FA47642D7A0DB7 /* Frameworks */ = {
			isa = PBXGroup;
			children = (
				8246BD5A5898AFE00B7B024E /* Pods_Linko.framework */,
				07577D152169DA2B0D63E06B /* Pods_Linko_LinkoUITests.framework */,
				DA1D200B678457944E632188 /* Pods_LinkoTests.framework */,
			);
			name = Frameworks;
			sourceTree = "<group>";
		};
		BB210617301BD89D00F323F8 = {
			isa = PBXGroup;
			children = (
				BB210622301BD89D00F323F8 /* Linko */,
				BB210639301BD8A000F323F8 /* LinkoTests */,
				BB210643301BD8A000F323F8 /* LinkoUITests */,
				BB210621301BD89D00F323F8 /* Products */,
				D569724C1FFEE433ABA9BF99 /* Pods */,
				1954A9C229FA47642D7A0DB7 /* Frameworks */,
			);
			sourceTree = "<group>";
		};
		BB210621301BD89D00F323F8 /* Products */ = {
			isa = PBXGroup;
			children = (
				BB210620301BD89D00F323F8 /* Linko.app */,
				BB210636301BD8A000F323F8 /* LinkoTests.xctest */,
				BB210640301BD8A000F323F8 /* LinkoUITests.xctest */,
			);
			name = Products;
			sourceTree = "<group>";
		};
		D569724C1FFEE433ABA9BF99 /* Pods */ = {
			isa = PBXGroup;
			children = (
				68B14F17CA01E672004BE7D4 /* Pods-Linko.debug.xcconfig */,
				37EF78F52A13A8E3AE06FB06 /* Pods-Linko.release.xcconfig */,
				4EBD6F796457216D8F738345 /* Pods-Linko-LinkoUITests.debug.xcconfig */,
				3404282DED435BCD6E2B0401 /* Pods-Linko-LinkoUITests.release.xcconfig */,
				40100D86A7CE2212B12D8BCC /* Pods-LinkoTests.debug.xcconfig */,
				E34460E11611C581DDF9BCE3 /* Pods-LinkoTests.release.xcconfig */,
			);
			path = Pods;
			sourceTree = "<group>";
		};
/* End PBXGroup section */

/* Begin PBXNativeTarget section */
		BB21061F301BD89D00F323F8 /* Linko */ = {
			isa = PBXNativeTarget;
			buildConfigurationList = BB210649301BD8A000F323F8 /* Build configuration list for PBXNativeTarget "Linko" */;
			buildPhases = (
				ADE2276C756FD7E68E915915 /* [CP] Check Pods Manifest.lock */,
				BB21061C301BD89D00F323F8 /* Sources */,
				BB21061D301BD89D00F323F8 /* Frameworks */,
				BB21061E301BD89D00F323F8 /* Resources */,
				3E5375ECC3C1AA95D60B7D4D /* [CP] Embed Pods Frameworks */,
			);
			buildRules = (
			);
			dependencies = (
			);
			fileSystemSynchronizedGroups = (
				BB210622301BD89D00F323F8 /* Linko */,
			);
			name = Linko;
			productName = Linko;
			productReference = BB210620301BD89D00F323F8 /* Linko.app */;
			productType = "com.apple.product-type.application";
		};
		BB210635301BD8A000F323F8 /* LinkoTests */ = {
			isa = PBXNativeTarget;
			buildConfigurationList = BB21064E301BD8A000F323F8 /* Build configuration list for PBXNativeTarget "LinkoTests" */;
			buildPhases = (
				630434D18375B764A9F8F597 /* [CP] Check Pods Manifest.lock */,
				BB210632301BD8A000F323F8 /* Sources */,
				BB210633301BD8A000F323F8 /* Frameworks */,
				BB210634301BD8A000F323F8 /* Resources */,
			);
			buildRules = (
			);
			dependencies = (
				BB210638301BD8A000F323F8 /* PBXTargetDependency */,
			);
			fileSystemSynchronizedGroups = (
				BB210639301BD8A000F323F8 /* LinkoTests */,
			);
			name = LinkoTests;
			productName = LinkoTests;
			productReference = BB210636301BD8A000F323F8 /* LinkoTests.xctest */;
			productType = "com.apple.product-type.bundle.unit-test";
		};
		BB21063F301BD8A000F323F8 /* LinkoUITests */ = {
			isa = PBXNativeTarget;
			buildConfigurationList = BB210651301BD8A000F323F8 /* Build configuration list for PBXNativeTarget "LinkoUITests" */;
			buildPhases = (
				E4C6D674533181B8200CF1B1 /* [CP] Check Pods Manifest.lock */,
				BB21063C301BD8A000F323F8 /* Sources */,
				BB21063D301BD8A000F323F8 /* Frameworks */,
				BB21063E301BD8A000F323F8 /* Resources */,
				DC33F9AE84AEB017E45F1AD0 /* [CP] Embed Pods Frameworks */,
			);
			buildRules = (
			);
			dependencies = (
				BB210642301BD8A000F323F8 /* PBXTargetDependency */,
			);
			fileSystemSynchronizedGroups = (
				BB210643301BD8A000F323F8 /* LinkoUITests */,
			);
			name = LinkoUITests;
			productName = LinkoUITests;
			productReference = BB210640301BD8A000F323F8 /* LinkoUITests.xctest */;
			productType = "com.apple.product-type.bundle.ui-testing";
		};
/* End PBXNativeTarget section */

/* Begin PBXProject section */
		BB210618301BD89D00F323F8 /* Project object */ = {
			isa = PBXProject;
			attributes = {
				BuildIndependentTargetsInParallel = 1;
				LastSwiftUpdateCheck = 2640;
				LastUpgradeCheck = 2640;
				TargetAttributes = {
					BB21061F301BD89D00F323F8 = {
						CreatedOnToolsVersion = 26.4;
					};
					BB210635301BD8A000F323F8 = {
						CreatedOnToolsVersion = 26.4;
						TestTargetID = BB21061F301BD89D00F323F8;
					};
					BB21063F301BD8A000F323F8 = {
						CreatedOnToolsVersion = 26.4;
						TestTargetID = BB21061F301BD89D00F323F8;
					};
				};
			};
			buildConfigurationList = BB21061B301BD89D00F323F8 /* Build configuration list for PBXProject "Linko" */;
			developmentRegion = en;
			hasScannedForEncodings = 0;
			knownRegions = (
				en,
				Base,
			);
			mainGroup = BB210617301BD89D00F323F8;
			minimizedProjectReferenceProxies = 1;
			preferredProjectObjectVersion = 77;
			productRefGroup = BB210621301BD89D00F323F8 /* Products */;
			projectDirPath = "";
			projectRoot = "";
			targets = (
				BB21061F301BD89D00F323F8 /* Linko */,
				BB210635301BD8A000F323F8 /* LinkoTests */,
				BB21063F301BD8A000F323F8 /* LinkoUITests */,
			);
		};
/* End PBXProject section */

/* Begin PBXResourcesBuildPhase section */
		BB21061E301BD89D00F323F8 /* Resources */ = {
			isa = PBXResourcesBuildPhase;
			buildActionMask = 2147483647;
			files = (
			);
			runOnlyForDeploymentPostprocessing = 0;
		};
		BB210634301BD8A000F323F8 /* Resources */ = {
			isa = PBXResourcesBuildPhase;
			buildActionMask = 2147483647;
			files = (
			);
			runOnlyForDeploymentPostprocessing = 0;
		};
		BB21063E301BD8A000F323F8 /* Resources */ = {
			isa = PBXResourcesBuildPhase;
			buildActionMask = 2147483647;
			files = (
			);
			runOnlyForDeploymentPostprocessing = 0;
		};
/* End PBXResourcesBuildPhase section */

/* Begin PBXShellScriptBuildPhase section */
		3E5375ECC3C1AA95D60B7D4D /* [CP] Embed Pods Frameworks */ = {
			isa = PBXShellScriptBuildPhase;
			buildActionMask = 2147483647;
			files = (
			);
			inputFileListPaths = (
				"${PODS_ROOT}/Target Support Files/Pods-Linko/Pods-Linko-frameworks-${CONFIGURATION}-input-files.xcfilelist",
			);
			name = "[CP] Embed Pods Frameworks";
			outputFileListPaths = (
				"${PODS_ROOT}/Target Support Files/Pods-Linko/Pods-Linko-frameworks-${CONFIGURATION}-output-files.xcfilelist",
			);
			runOnlyForDeploymentPostprocessing = 0;
			shellPath = /bin/sh;
			shellScript = "\"${PODS_ROOT}/Target Support Files/Pods-Linko/Pods-Linko-frameworks.sh\"\n";
			showEnvVarsInLog = 0;
		};
		630434D18375B764A9F8F597 /* [CP] Check Pods Manifest.lock */ = {
			isa = PBXShellScriptBuildPhase;
			buildActionMask = 2147483647;
			files = (
			);
			inputFileListPaths = (
			);
			inputPaths = (
				"${PODS_PODFILE_DIR_PATH}/Podfile.lock",
				"${PODS_ROOT}/Manifest.lock",
			);
			name = "[CP] Check Pods Manifest.lock";
			outputFileListPaths = (
			);
			outputPaths = (
				"$(DERIVED_FILE_DIR)/Pods-LinkoTests-checkManifestLockResult.txt",
			);
			runOnlyForDeploymentPostprocessing = 0;
			shellPath = /bin/sh;
			shellScript = "diff \"${PODS_PODFILE_DIR_PATH}/Podfile.lock\" \"${PODS_ROOT}/Manifest.lock\" > /dev/null\nif [ $? != 0 ] ; then\n    # print error to STDERR\n    echo \"error: The sandbox is not in sync with the Podfile.lock. Run 'pod install' or update your CocoaPods installation.\" >&2\n    exit 1\nfi\n# This output is used by Xcode 'outputs' to avoid re-running this script phase.\necho \"SUCCESS\" > \"${SCRIPT_OUTPUT_FILE_0}\"\n";
			showEnvVarsInLog = 0;
		};
		ADE2276C756FD7E68E915915 /* [CP] Check Pods Manifest.lock */ = {
			isa = PBXShellScriptBuildPhase;
			buildActionMask = 2147483647;
			files = (
			);
			inputFileListPaths = (
			);
			inputPaths = (
				"${PODS_PODFILE_DIR_PATH}/Podfile.lock",
				"${PODS_ROOT}/Manifest.lock",
			);
			name = "[CP] Check Pods Manifest.lock";
			outputFileListPaths = (
			);
			outputPaths = (
				"$(DERIVED_FILE_DIR)/Pods-Linko-checkManifestLockResult.txt",
			);
			runOnlyForDeploymentPostprocessing = 0;
			shellPath = /bin/sh;
			shellScript = "diff \"${PODS_PODFILE_DIR_PATH}/Podfile.lock\" \"${PODS_ROOT}/Manifest.lock\" > /dev/null\nif [ $? != 0 ] ; then\n    # print error to STDERR\n    echo \"error: The sandbox is not in sync with the Podfile.lock. Run 'pod install' or update your CocoaPods installation.\" >&2\n    exit 1\nfi\n# This output is used by Xcode 'outputs' to avoid re-running this script phase.\necho \"SUCCESS\" > \"${SCRIPT_OUTPUT_FILE_0}\"\n";
			showEnvVarsInLog = 0;
		};
		DC33F9AE84AEB017E45F1AD0 /* [CP] Embed Pods Frameworks */ = {
			isa = PBXShellScriptBuildPhase;
			buildActionMask = 2147483647;
			files = (
			);
			inputFileListPaths = (
				"${PODS_ROOT}/Target Support Files/Pods-Linko-LinkoUITests/Pods-Linko-LinkoUITests-frameworks-${CONFIGURATION}-input-files.xcfilelist",
			);
			name = "[CP] Embed Pods Frameworks";
			outputFileListPaths = (
				"${PODS_ROOT}/Target Support Files/Pods-Linko-LinkoUITests/Pods-Linko-LinkoUITests-frameworks-${CONFIGURATION}-output-files.xcfilelist",
			);
			runOnlyForDeploymentPostprocessing = 0;
			shellPath = /bin/sh;
			shellScript = "\"${PODS_ROOT}/Target Support Files/Pods-Linko-LinkoUITests/Pods-Linko-LinkoUITests-frameworks.sh\"\n";
			showEnvVarsInLog = 0;
		};
		E4C6D674533181B8200CF1B1 /* [CP] Check Pods Manifest.lock */ = {
			isa = PBXShellScriptBuildPhase;
			buildActionMask = 2147483647;
			files = (
			);
			inputFileListPaths = (
			);
			inputPaths = (
				"${PODS_PODFILE_DIR_PATH}/Podfile.lock",
				"${PODS_ROOT}/Manifest.lock",
			);
			name = "[CP] Check Pods Manifest.lock";
			outputFileListPaths = (
			);
			outputPaths = (
				"$(DERIVED_FILE_DIR)/Pods-Linko-LinkoUITests-checkManifestLockResult.txt",
			);
			runOnlyForDeploymentPostprocessing = 0;
			shellPath = /bin/sh;
			shellScript = "diff \"${PODS_PODFILE_DIR_PATH}/Podfile.lock\" \"${PODS_ROOT}/Manifest.lock\" > /dev/null\nif [ $? != 0 ] ; then\n    # print error to STDERR\n    echo \"error: The sandbox is not in sync with the Podfile.lock. Run 'pod install' or update your CocoaPods installation.\" >&2\n    exit 1\nfi\n# This output is used by Xcode 'outputs' to avoid re-running this script phase.\necho \"SUCCESS\" > \"${SCRIPT_OUTPUT_FILE_0}\"\n";
			showEnvVarsInLog = 0;
		};
/* End PBXShellScriptBuildPhase section */

/* Begin PBXSourcesBuildPhase section */
		BB21061C301BD89D00F323F8 /* Sources */ = {
			isa = PBXSourcesBuildPhase;
			buildActionMask = 2147483647;
			files = (
			);
			runOnlyForDeploymentPostprocessing = 0;
		};
		BB210632301BD8A000F323F8 /* Sources */ = {
			isa = PBXSourcesBuildPhase;
			buildActionMask = 2147483647;
			files = (
			);
			runOnlyForDeploymentPostprocessing = 0;
		};
		BB21063C301BD8A000F323F8 /* Sources */ = {
			isa = PBXSourcesBuildPhase;
			buildActionMask = 2147483647;
			files = (
			);
			runOnlyForDeploymentPostprocessing = 0;
		};
/* End PBXSourcesBuildPhase section */

/* Begin PBXTargetDependency section */
		BB210638301BD8A000F323F8 /* PBXTargetDependency */ = {
			isa = PBXTargetDependency;
			target = BB21061F301BD89D00F323F8 /* Linko */;
			targetProxy = BB210637301BD8A000F323F8 /* PBXContainerItemProxy */;
		};
		BB210642301BD8A000F323F8 /* PBXTargetDependency */ = {
			isa = PBXTargetDependency;
			target = BB21061F301BD89D00F323F8 /* Linko */;
			targetProxy = BB210641301BD8A000F323F8 /* PBXContainerItemProxy */;
		};
/* End PBXTargetDependency section */

/* Begin XCBuildConfiguration section */
		BB21064A301BD8A000F323F8 /* Debug */ = {
			isa = XCBuildConfiguration;
			baseConfigurationReference = 68B14F17CA01E672004BE7D4 /* Pods-Linko.debug.xcconfig */;
			buildSettings = {
				ASSETCATALOG_COMPILER_APPICON_NAME = AppIcon;
				ASSETCATALOG_COMPILER_GLOBAL_ACCENT_COLOR_NAME = AccentColor;
				CODE_SIGN_STYLE = Automatic;
				CURRENT_PROJECT_VERSION = 1;
				GENERATE_INFOPLIST_FILE = YES;
				INFOPLIST_FILE = Linko/Info.plist;
				INFOPLIST_KEY_UIApplicationSupportsIndirectInputEvents = YES;
				INFOPLIST_KEY_UILaunchStoryboardName = LaunchScreen;
				INFOPLIST_KEY_UIMainStoryboardFile = Main;
				INFOPLIST_KEY_UISupportedInterfaceOrientations_iPad = "UIInterfaceOrientationPortrait UIInterfaceOrientationPortraitUpsideDown UIInterfaceOrientationLandscapeLeft UIInterfaceOrientationLandscapeRight";
				INFOPLIST_KEY_UISupportedInterfaceOrientations_iPhone = "UIInterfaceOrientationPortrait UIInterfaceOrientationLandscapeLeft UIInterfaceOrientationLandscapeRight";
				LD_RUNPATH_SEARCH_PATHS = (
					"$(inherited)",
					"@executable_path/Frameworks",
				);
				MARKETING_VERSION = 1.0;
				PRODUCT_BUNDLE_IDENTIFIER = mohamed.sale7.com.Linko;
				PRODUCT_NAME = "$(TARGET_NAME)";
				STRING_CATALOG_GENERATE_SYMBOLS = YES;
				SWIFT_APPROACHABLE_CONCURRENCY = YES;
				SWIFT_DEFAULT_ACTOR_ISOLATION = MainActor;
				SWIFT_EMIT_LOC_STRINGS = YES;
				SWIFT_UPCOMING_FEATURE_MEMBER_IMPORT_VISIBILITY = YES;
				SWIFT_VERSION = 5.0;
				TARGETED_DEVICE_FAMILY = "1,2";
			};
			name = Debug;
		};
		BB21064B301BD8A000F323F8 /* Release */ = {
			isa = XCBuildConfiguration;
			baseConfigurationReference = 37EF78F52A13A8E3AE06FB06 /* Pods-Linko.release.xcconfig */;
			buildSettings = {
				ASSETCATALOG_COMPILER_APPICON_NAME = AppIcon;
				ASSETCATALOG_COMPILER_GLOBAL_ACCENT_COLOR_NAME = AccentColor;
				CODE_SIGN_STYLE = Automatic;
				CURRENT_PROJECT_VERSION = 1;
				GENERATE_INFOPLIST_FILE = YES;
				INFOPLIST_FILE = Linko/Info.plist;
				INFOPLIST_KEY_UIApplicationSupportsIndirectInputEvents = YES;
				INFOPLIST_KEY_UILaunchStoryboardName = LaunchScreen;
				INFOPLIST_KEY_UIMainStoryboardFile = Main;
				INFOPLIST_KEY_UISupportedInterfaceOrientations_iPad = "UIInterfaceOrientationPortrait UIInterfaceOrientationPortraitUpsideDown UIInterfaceOrientationLandscapeLeft UIInterfaceOrientationLandscapeRight";
				INFOPLIST_KEY_UISupportedInterfaceOrientations_iPhone = "UIInterfaceOrientationPortrait UIInterfaceOrientationLandscapeLeft UIInterfaceOrientationLandscapeRight";
				LD_RUNPATH_SEARCH_PATHS = (
					"$(inherited)",
					"@executable_path/Frameworks",
				);
				MARKETING_VERSION = 1.0;
				PRODUCT_BUNDLE_IDENTIFIER = mohamed.sale7.com.Linko;
				PRODUCT_NAME = "$(TARGET_NAME)";
				STRING_CATALOG_GENERATE_SYMBOLS = YES;
				SWIFT_APPROACHABLE_CONCURRENCY = YES;
				SWIFT_DEFAULT_ACTOR_ISOLATION = MainActor;
				SWIFT_EMIT_LOC_STRINGS = YES;
				SWIFT_UPCOMING_FEATURE_MEMBER_IMPORT_VISIBILITY = YES;
				SWIFT_VERSION = 5.0;
				TARGETED_DEVICE_FAMILY = "1,2";
			};
			name = Release;
		};
		BB21064C301BD8A000F323F8 /* Debug */ = {
			isa = XCBuildConfiguration;
			buildSettings = {
				ALWAYS_SEARCH_USER_PATHS = NO;
				ASSETCATALOG_COMPILER_GENERATE_SWIFT_ASSET_SYMBOL_EXTENSIONS = YES;
				CLANG_ANALYZER_NONNULL = YES;
				CLANG_ANALYZER_NUMBER_OBJECT_CONVERSION = YES_AGGRESSIVE;
				CLANG_CXX_LANGUAGE_STANDARD = "gnu++20";
				CLANG_ENABLE_MODULES = YES;
				CLANG_ENABLE_OBJC_ARC = YES;
				CLANG_ENABLE_OBJC_WEAK = YES;
				CLANG_WARN_BLOCK_CAPTURE_AUTORELEASING = YES;
				CLANG_WARN_BOOL_CONVERSION = YES;
				CLANG_WARN_COMMA = YES;
				CLANG_WARN_CONSTANT_CONVERSION = YES;
				CLANG_WARN_DEPRECATED_OBJC_IMPLEMENTATIONS = YES;
				CLANG_WARN_DIRECT_OBJC_ISA_USAGE = YES_ERROR;
				CLANG_WARN_DOCUMENTATION_COMMENTS = YES;
				CLANG_WARN_EMPTY_BODY = YES;
				CLANG_WARN_ENUM_CONVERSION = YES;
				CLANG_WARN_INFINITE_RECURSION = YES;
				CLANG_WARN_INT_CONVERSION = YES;
				CLANG_WARN_NON_LITERAL_NULL_CONVERSION = YES;
				CLANG_WARN_OBJC_IMPLICIT_RETAIN_SELF = YES;
				CLANG_WARN_OBJC_LITERAL_CONVERSION = YES;
				CLANG_WARN_OBJC_ROOT_CLASS = YES_ERROR;
				CLANG_WARN_QUOTED_INCLUDE_IN_FRAMEWORK_HEADER = YES;
				CLANG_WARN_RANGE_LOOP_ANALYSIS = YES;
				CLANG_WARN_STRICT_PROTOTYPES = YES;
				CLANG_WARN_SUSPICIOUS_MOVE = YES;
				CLANG_WARN_UNGUARDED_AVAILABILITY = YES_AGGRESSIVE;
				CLANG_WARN_UNREACHABLE_CODE = YES;
				CLANG_WARN__DUPLICATE_METHOD_MATCH = YES;
				COPY_PHASE_STRIP = NO;
				DEBUG_INFORMATION_FORMAT = dwarf;
				ENABLE_STRICT_OBJC_MSGSEND = YES;
				ENABLE_TESTABILITY = YES;
				ENABLE_USER_SCRIPT_SANDBOXING = NO;
				GCC_C_LANGUAGE_STANDARD = gnu17;
				GCC_DYNAMIC_NO_PIC = NO;
				GCC_NO_COMMON_BLOCKS = YES;
				GCC_OPTIMIZATION_LEVEL = 0;
				GCC_PREPROCESSOR_DEFINITIONS = (
					"DEBUG=1",
					"$(inherited)",
				);
				GCC_WARN_64_TO_32_BIT_CONVERSION = YES;
				GCC_WARN_ABOUT_RETURN_TYPE = YES_ERROR;
				GCC_WARN_UNDECLARED_SELECTOR = YES;
				GCC_WARN_UNINITIALIZED_AUTOS = YES_AGGRESSIVE;
				GCC_WARN_UNUSED_FUNCTION = YES;
				GCC_WARN_UNUSED_VARIABLE = YES;
				IPHONEOS_DEPLOYMENT_TARGET = 26.4;
				LOCALIZATION_PREFERS_STRING_CATALOGS = YES;
				MTL_ENABLE_DEBUG_INFO = INCLUDE_SOURCE;
				MTL_FAST_MATH = YES;
				ONLY_ACTIVE_ARCH = YES;
				SDKROOT = iphoneos;
				SWIFT_ACTIVE_COMPILATION_CONDITIONS = "DEBUG $(inherited)";
				SWIFT_OPTIMIZATION_LEVEL = "-Onone";
			};
			name = Debug;
		};
		BB21064D301BD8A000F323F8 /* Release */ = {
			isa = XCBuildConfiguration;
			buildSettings = {
				ALWAYS_SEARCH_USER_PATHS = NO;
				ASSETCATALOG_COMPILER_GENERATE_SWIFT_ASSET_SYMBOL_EXTENSIONS = YES;
				CLANG_ANALYZER_NONNULL = YES;
				CLANG_ANALYZER_NUMBER_OBJECT_CONVERSION = YES_AGGRESSIVE;
				CLANG_CXX_LANGUAGE_STANDARD = "gnu++20";
				CLANG_ENABLE_MODULES = YES;
				CLANG_ENABLE_OBJC_ARC = YES;
				CLANG_ENABLE_OBJC_WEAK = YES;
				CLANG_WARN_BLOCK_CAPTURE_AUTORELEASING = YES;
				CLANG_WARN_BOOL_CONVERSION = YES;
				CLANG_WARN_COMMA = YES;
				CLANG_WARN_CONSTANT_CONVERSION = YES;
				CLANG_WARN_DEPRECATED_OBJC_IMPLEMENTATIONS = YES;
				CLANG_WARN_DIRECT_OBJC_ISA_USAGE = YES_ERROR;
				CLANG_WARN_DOCUMENTATION_COMMENTS = YES;
				CLANG_WARN_EMPTY_BODY = YES;
				CLANG_WARN_ENUM_CONVERSION = YES;
				CLANG_WARN_INFINITE_RECURSION = YES;
				CLANG_WARN_INT_CONVERSION = YES;
				CLANG_WARN_NON_LITERAL_NULL_CONVERSION = YES;
				CLANG_WARN_OBJC_IMPLICIT_RETAIN_SELF = YES;
				CLANG_WARN_OBJC_LITERAL_CONVERSION = YES;
				CLANG_WARN_OBJC_ROOT_CLASS = YES_ERROR;
				CLANG_WARN_QUOTED_INCLUDE_IN_FRAMEWORK_HEADER = YES;
				CLANG_WARN_RANGE_LOOP_ANALYSIS = YES;
				CLANG_WARN_STRICT_PROTOTYPES = YES;
				CLANG_WARN_SUSPICIOUS_MOVE = YES;
				CLANG_WARN_UNGUARDED_AVAILABILITY = YES_AGGRESSIVE;
				CLANG_WARN_UNREACHABLE_CODE = YES;
				CLANG_WARN__DUPLICATE_METHOD_MATCH = YES;
				COPY_PHASE_STRIP = NO;
				DEBUG_INFORMATION_FORMAT = "dwarf-with-dsym";
				ENABLE_NS_ASSERTIONS = NO;
				ENABLE_STRICT_OBJC_MSGSEND = YES;
				ENABLE_USER_SCRIPT_SANDBOXING = NO;
				GCC_C_LANGUAGE_STANDARD = gnu17;
				GCC_NO_COMMON_BLOCKS = YES;
				GCC_WARN_64_TO_32_BIT_CONVERSION = YES;
				GCC_WARN_ABOUT_RETURN_TYPE = YES_ERROR;
				GCC_WARN_UNDECLARED_SELECTOR = YES;
				GCC_WARN_UNINITIALIZED_AUTOS = YES_AGGRESSIVE;
				GCC_WARN_UNUSED_FUNCTION = YES;
				GCC_WARN_UNUSED_VARIABLE = YES;
				IPHONEOS_DEPLOYMENT_TARGET = 26.4;
				LOCALIZATION_PREFERS_STRING_CATALOGS = YES;
				MTL_ENABLE_DEBUG_INFO = NO;
				MTL_FAST_MATH = YES;
				SDKROOT = iphoneos;
				SWIFT_COMPILATION_MODE = wholemodule;
				VALIDATE_PRODUCT = YES;
			};
			name = Release;
		};
		BB21064F301BD8A000F323F8 /* Debug */ = {
			isa = XCBuildConfiguration;
			baseConfigurationReference = 40100D86A7CE2212B12D8BCC /* Pods-LinkoTests.debug.xcconfig */;
			buildSettings = {
				BUNDLE_LOADER = "$(TEST_HOST)";
				CODE_SIGN_STYLE = Automatic;
				CURRENT_PROJECT_VERSION = 1;
				GENERATE_INFOPLIST_FILE = YES;
				IPHONEOS_DEPLOYMENT_TARGET = 26.4;
				MARKETING_VERSION = 1.0;
				PRODUCT_BUNDLE_IDENTIFIER = mohamed.sale7.com.LinkoTests;
				PRODUCT_NAME = "$(TARGET_NAME)";
				STRING_CATALOG_GENERATE_SYMBOLS = NO;
				SWIFT_APPROACHABLE_CONCURRENCY = YES;
				SWIFT_EMIT_LOC_STRINGS = NO;
				SWIFT_UPCOMING_FEATURE_MEMBER_IMPORT_VISIBILITY = YES;
				SWIFT_VERSION = 5.0;
				TARGETED_DEVICE_FAMILY = "1,2";
				TEST_HOST = "$(BUILT_PRODUCTS_DIR)/Linko.app/$(BUNDLE_EXECUTABLE_FOLDER_PATH)/Linko";
			};
			name = Debug;
		};
		BB210650301BD8A000F323F8 /* Release */ = {
			isa = XCBuildConfiguration;
			baseConfigurationReference = E34460E11611C581DDF9BCE3 /* Pods-LinkoTests.release.xcconfig */;
			buildSettings = {
				BUNDLE_LOADER = "$(TEST_HOST)";
				CODE_SIGN_STYLE = Automatic;
				CURRENT_PROJECT_VERSION = 1;
				GENERATE_INFOPLIST_FILE = YES;
				IPHONEOS_DEPLOYMENT_TARGET = 26.4;
				MARKETING_VERSION = 1.0;
				PRODUCT_BUNDLE_IDENTIFIER = mohamed.sale7.com.LinkoTests;
				PRODUCT_NAME = "$(TARGET_NAME)";
				STRING_CATALOG_GENERATE_SYMBOLS = NO;
				SWIFT_APPROACHABLE_CONCURRENCY = YES;
				SWIFT_EMIT_LOC_STRINGS = NO;
				SWIFT_UPCOMING_FEATURE_MEMBER_IMPORT_VISIBILITY = YES;
				SWIFT_VERSION = 5.0;
				TARGETED_DEVICE_FAMILY = "1,2";
				TEST_HOST = "$(BUILT_PRODUCTS_DIR)/Linko.app/$(BUNDLE_EXECUTABLE_FOLDER_PATH)/Linko";
			};
			name = Release;
		};
		BB210652301BD8A000F323F8 /* Debug */ = {
			isa = XCBuildConfiguration;
			baseConfigurationReference = 4EBD6F796457216D8F738345 /* Pods-Linko-LinkoUITests.debug.xcconfig */;
			buildSettings = {
				CODE_SIGN_STYLE = Automatic;
				CURRENT_PROJECT_VERSION = 1;
				GENERATE_INFOPLIST_FILE = YES;
				MARKETING_VERSION = 1.0;
				PRODUCT_BUNDLE_IDENTIFIER = mohamed.sale7.com.LinkoUITests;
				PRODUCT_NAME = "$(TARGET_NAME)";
				STRING_CATALOG_GENERATE_SYMBOLS = NO;
				SWIFT_APPROACHABLE_CONCURRENCY = YES;
				SWIFT_EMIT_LOC_STRINGS = NO;
				SWIFT_UPCOMING_FEATURE_MEMBER_IMPORT_VISIBILITY = YES;
				SWIFT_VERSION = 5.0;
				TARGETED_DEVICE_FAMILY = "1,2";
				TEST_TARGET_NAME = Linko;
			};
			name = Debug;
		};
		BB210653301BD8A000F323F8 /* Release */ = {
			isa = XCBuildConfiguration;
			baseConfigurationReference = 3404282DED435BCD6E2B0401 /* Pods-Linko-LinkoUITests.release.xcconfig */;
			buildSettings = {
				CODE_SIGN_STYLE = Automatic;
				CURRENT_PROJECT_VERSION = 1;
				GENERATE_INFOPLIST_FILE = YES;
				MARKETING_VERSION = 1.0;
				PRODUCT_BUNDLE_IDENTIFIER = mohamed.sale7.com.LinkoUITests;
				PRODUCT_NAME = "$(TARGET_NAME)";
				STRING_CATALOG_GENERATE_SYMBOLS = NO;
				SWIFT_APPROACHABLE_CONCURRENCY = YES;
				SWIFT_EMIT_LOC_STRINGS = NO;
				SWIFT_UPCOMING_FEATURE_MEMBER_IMPORT_VISIBILITY = YES;
				SWIFT_VERSION = 5.0;
				TARGETED_DEVICE_FAMILY = "1,2";
				TEST_TARGET_NAME = Linko;
			};
			name = Release;
		};
/* End XCBuildConfiguration section */

/* Begin XCConfigurationList section */
		BB21061B301BD89D00F323F8 /* Build configuration list for PBXProject "Linko" */ = {
			isa = XCConfigurationList;
			buildConfigurations = (
				BB21064C301BD8A000F323F8 /* Debug */,
				BB21064D301BD8A000F323F8 /* Release */,
			);
			defaultConfigurationIsVisible = 0;
			defaultConfigurationName = Release;
		};
		BB210649301BD8A000F323F8 /* Build configuration list for PBXNativeTarget "Linko" */ = {
			isa = XCConfigurationList;
			buildConfigurations = (
				BB21064A301BD8A000F323F8 /* Debug */,
				BB21064B301BD8A000F323F8 /* Release */,
			);
			defaultConfigurationIsVisible = 0;
			defaultConfigurationName = Release;
		};
		BB21064E301BD8A000F323F8 /* Build configuration list for PBXNativeTarget "LinkoTests" */ = {
			isa = XCConfigurationList;
			buildConfigurations = (
				BB21064F301BD8A000F323F8 /* Debug */,
				BB210650301BD8A000F323F8 /* Release */,
			);
			defaultConfigurationIsVisible = 0;
			defaultConfigurationName = Release;
		};
		BB210651301BD8A000F323F8 /* Build configuration list for PBXNativeTarget "LinkoUITests" */ = {
			isa = XCConfigurationList;
			buildConfigurations = (
				BB210652301BD8A000F323F8 /* Debug */,
				BB210653301BD8A000F323F8 /* Release */,
			);
			defaultConfigurationIsVisible = 0;
			defaultConfigurationName = Release;
		};
/* End XCConfigurationList section */
	};
	rootObject = BB210618301BD89D00F323F8 /* Project object */;
}
